{
  "name": "Basegun",
  "lockfileVersion": 3,
  "requires": true,
  "packages": {
    "node_modules/@unocss/core": {
      "version": "0.50.6",
      "resolved": "https://registry.npmjs.org/@unocss/core/-/core-0.50.6.tgz",
      "integrity": "sha512-WMIp8xr7YSlID2whqfRGLwagp59e6u4ckPACEpoDOW8sTeSPRZm54hxPhuWXD1SQuqcwHPMtM9nzGD8UOnqQxA==",
      "dev": true,
      "funding": {
        "url": "https://github.com/sponsors/antfu"
      }
    },
    "node_modules/@unocss/transformer-directives": {
      "version": "0.50.6",
      "resolved": "https://registry.npmjs.org/@unocss/transformer-directives/-/transformer-directives-0.50.6.tgz",
      "integrity": "sha512-deUJMZDDYQ/kGRFdGe3JrmnbiScs9Smc5Vj35Pr/MNMAM9pItbMwCgZLc+EcHgYNvO5tp0qfA9prPAIs4YpRbg==",
      "dev": true,
      "dependencies": {
        "@unocss/core": "0.50.6",
        "css-tree": "^2.3.1"
      }
    },
    "node_modules/css-tree": {
      "version": "2.3.1",
      "resolved": "https://registry.npmjs.org/css-tree/-/css-tree-2.3.1.tgz",
      "integrity": "sha512-6Fv1DV/TYw//QF5IzQdqsNDjx/wc8TrMBZsqjL9eW01tWb7R7k/mq+/VXfJCl7SoD5emsJop9cOByJZfs8hYIw==",
      "dev": true,
      "dependencies": {
        "mdn-data": "2.0.30",
        "source-map-js": "^1.0.1"
      },
      "engines": {
        "node": "^10 || ^12.20.0 || ^14.13.0 || >=15.0.0"
      }
    },
    "node_modules/mdn-data": {
      "version": "2.0.30",
      "resolved": "https://registry.npmjs.org/mdn-data/-/mdn-data-2.0.30.tgz",
      "integrity": "sha512-GaqWWShW4kv/G9IEucWScBx9G1/vsFZZJUO+tD26M8J8z3Kw5RDQjaoZe03YAClgeS/SWPOcb4nkFBTEi5DUEA==",
      "dev": true
    },
    "node_modules/source-map-js": {
      "version": "1.0.2",
      "resolved": "https://registry.npmjs.org/source-map-js/-/source-map-js-1.0.2.tgz",
      "integrity": "sha512-R0XvVJ9WusLiqTCEiGCmICCMplcCkIwwR11mOSD9CR5u+IXYdiseeEuXCVAjS54zqwkLcPNnmU4OeJ6tUrWhDw==",
      "dev": true,
      "engines": {
        "node": ">=0.10.0"
      }
    }
  }
}
